
Microsoft Visual Studio Solution File, Format Version 12.00
# Visual Studio Version 16
VisualStudioVersion = 16.0.30717.126
MinimumVisualStudioVersion = 10.0.40219.1
Project("{FAE04EC0-301F-11D3-BF4B-00C04F79EFBC}") = "servicios", "servicios\servicios.csproj", "{FD56430F-2D73-445B-82FC-7B0E61DA66B5}"
EndProject
Project("{FAE04EC0-301F-11D3-BF4B-00C04F79EFBC}") = "ConsumoServicio", "ConsumoServicio\ConsumoServicio.csproj", "{DF45E1DE-1D0E-4217-A04A-7BEBBC05856A}"
EndProject
Global
	GlobalSection(SolutionConfigurationPlatforms) = preSolution
		Debug|Any CPU = Debug|Any CPU
		Release|Any CPU = Release|Any CPU
	EndGlobalSection
	GlobalSection(ProjectConfigurationPlatforms) = postSolution
		{FD56430F-2D73-445B-82FC-7B0E61DA66B5}.Debug|Any CPU.ActiveCfg = Debug|Any CPU
		{FD56430F-2D73-445B-82FC-7B0E61DA66B5}.Debug|Any CPU.Build.0 = Debug|Any CPU
		{FD56430F-2D73-445B-82FC-7B0E61DA66B5}.Release|Any CPU.ActiveCfg = Release|Any CPU
		{FD56430F-2D73-445B-82FC-7B0E61DA66B5}.Release|Any CPU.Build.0 = Release|Any CPU
		{DF45E1DE-1D0E-4217-A04A-7BEBBC05856A}.Debug|Any CPU.ActiveCfg = Debug|Any CPU
		{DF45E1DE-1D0E-4217-A04A-7BEBBC05856A}.Debug|Any CPU.Build.0 = Debug|Any CPU
		{DF45E1DE-1D0E-4217-A04A-7BEBBC05856A}.Release|Any CPU.ActiveCfg = Release|Any CPU
		{DF45E1DE-1D0E-4217-A04A-7BEBBC05856A}.Release|Any CPU.Build.0 = Release|Any CPU
	EndGlobalSection
	GlobalSection(SolutionProperties) = preSolution
		HideSolutionNode = FALSE
	EndGlobalSection
	GlobalSection(ExtensibilityGlobals) = postSolution
		SolutionGuid = {99D0A5D5-98C9-4A25-8DFA-E39EE89DAAD7}
	EndGlobalSection
EndGlobal
